
Microsoft Visual Studio Solution File, Format Version 12.00
# Visual Studio 15
VisualStudioVersion = 15.0.28010.2050
MinimumVisualStudioVersion = 10.0.40219.1
Project("{FAE04EC0-301F-11D3-BF4B-00C04F79EFBC}") = "FinalExamJSON", "FinalExamJSON\FinalExamJSON.csproj", "{59CEE30F-72BA-425B-A1AB-36784E9C7B63}"
EndProject
Global
	GlobalSection(SolutionConfigurationPlatforms) = preSolution
		Debug|Any CPU = Debug|Any CPU
		Release|Any CPU = Release|Any CPU
	EndGlobalSection
	GlobalSection(ProjectConfigurationPlatforms) = postSolution
		{59CEE30F-72BA-425B-A1AB-36784E9C7B63}.Debug|Any CPU.ActiveCfg = Debug|Any CPU
		{59CEE30F-72BA-425B-A1AB-36784E9C7B63}.Debug|Any CPU.Build.0 = Debug|Any CPU
		{59CEE30F-72BA-425B-A1AB-36784E9C7B63}.Release|Any CPU.ActiveCfg = Release|Any CPU
		{59CEE30F-72BA-425B-A1AB-36784E9C7B63}.Release|Any CPU.Build.0 = Release|Any CPU
	EndGlobalSection
	GlobalSection(SolutionProperties) = preSolution
		HideSolutionNode = FALSE
	EndGlobalSection
	GlobalSection(ExtensibilityGlobals) = postSolution
		SolutionGuid = {C0597809-FC0E-4DFE-B785-8064B5C47CC7}
	EndGlobalSection
EndGlobal
