
Microsoft Visual Studio Solution File, Format Version 12.00
# Visual Studio 15
VisualStudioVersion = 15.0.28010.2050
MinimumVisualStudioVersion = 10.0.40219.1
Project("{FAE04EC0-301F-11D3-BF4B-00C04F79EFBC}") = "ClassesParticipation", "ClassesParticipation\ClassesParticipation.csproj", "{320032C6-4F2A-448F-B9BC-DFC8412DCB31}"
EndProject
Global
	GlobalSection(SolutionConfigurationPlatforms) = preSolution
		Debug|Any CPU = Debug|Any CPU
		Release|Any CPU = Release|Any CPU
	EndGlobalSection
	GlobalSection(ProjectConfigurationPlatforms) = postSolution
		{320032C6-4F2A-448F-B9BC-DFC8412DCB31}.Debug|Any CPU.ActiveCfg = Debug|Any CPU
		{320032C6-4F2A-448F-B9BC-DFC8412DCB31}.Debug|Any CPU.Build.0 = Debug|Any CPU
		{320032C6-4F2A-448F-B9BC-DFC8412DCB31}.Release|Any CPU.ActiveCfg = Release|Any CPU
		{320032C6-4F2A-448F-B9BC-DFC8412DCB31}.Release|Any CPU.Build.0 = Release|Any CPU
	EndGlobalSection
	GlobalSection(SolutionProperties) = preSolution
		HideSolutionNode = FALSE
	EndGlobalSection
	GlobalSection(ExtensibilityGlobals) = postSolution
		SolutionGuid = {AEF3A6B9-845F-4990-AF9B-4271E16257CD}
	EndGlobalSection
EndGlobal
